
Microsoft Visual Studio Solution File, Format Version 12.00
# Visual Studio Version 17
VisualStudioVersion = 17.3.32819.101
MinimumVisualStudioVersion = 10.0.40219.1
Project("{9A19103F-16F7-4668-BE54-9A1E7A4F7556}") = "DIContainer", "DIContainer\DIContainer.csproj", "{36DEDE72-373A-4FB4-A054-758FB0AE6F48}"
EndProject
Project("{FAE04EC0-301F-11D3-BF4B-00C04F79EFBC}") = "Container.Tests", "Container.Tests\Container.Tests.csproj", "{408C5A97-D615-4084-95D2-EBBA34C2B858}"
EndProject
Global
	GlobalSection(SolutionConfigurationPlatforms) = preSolution
		Debug|Any CPU = Debug|Any CPU
		Release|Any CPU = Release|Any CPU
	EndGlobalSection
	GlobalSection(ProjectConfigurationPlatforms) = postSolution
		{36DEDE72-373A-4FB4-A054-758FB0AE6F48}.Debug|Any CPU.ActiveCfg = Debug|Any CPU
		{36DEDE72-373A-4FB4-A054-758FB0AE6F48}.Debug|Any CPU.Build.0 = Debug|Any CPU
		{36DEDE72-373A-4FB4-A054-758FB0AE6F48}.Release|Any CPU.ActiveCfg = Release|Any CPU
		{36DEDE72-373A-4FB4-A054-758FB0AE6F48}.Release|Any CPU.Build.0 = Release|Any CPU
		{408C5A97-D615-4084-95D2-EBBA34C2B858}.Debug|Any CPU.ActiveCfg = Debug|Any CPU
		{408C5A97-D615-4084-95D2-EBBA34C2B858}.Debug|Any CPU.Build.0 = Debug|Any CPU
		{408C5A97-D615-4084-95D2-EBBA34C2B858}.Release|Any CPU.ActiveCfg = Release|Any CPU
		{408C5A97-D615-4084-95D2-EBBA34C2B858}.Release|Any CPU.Build.0 = Release|Any CPU
	EndGlobalSection
	GlobalSection(SolutionProperties) = preSolution
		HideSolutionNode = FALSE
	EndGlobalSection
	GlobalSection(ExtensibilityGlobals) = postSolution
		SolutionGuid = {98CCBF87-4EB3-4AA1-8430-7AABB895EC21}
	EndGlobalSection
EndGlobal
